
Microsoft Visual Studio Solution File, Format Version 12.00
# Visual Studio Version 17
VisualStudioVersion = 17.11.35208.52
MinimumVisualStudioVersion = 10.0.40219.1
Project("{8BC9CEB8-8B4A-11D0-8D11-00A0C91BC942}") = "Common", "Common\Common.vcxproj", "{A8C44C0A-1E07-4DB1-B89A-52411EFF11B6}"
EndProject
Project("{8BC9CEB8-8B4A-11D0-8D11-00A0C91BC942}") = "_Project", "_Project\_Project.vcxproj", "{5B325313-4B06-42B7-81F4-1339D818333E}"
EndProject
Global
	GlobalSection(SolutionConfigurationPlatforms) = preSolution
		Debug|x64 = Debug|x64
		Debug|x86 = Debug|x86
		Release|x64 = Release|x64
		Release|x86 = Release|x86
	EndGlobalSection
	GlobalSection(ProjectConfigurationPlatforms) = postSolution
		{A8C44C0A-1E07-4DB1-B89A-52411EFF11B6}.Debug|x64.ActiveCfg = Debug|x64
		{A8C44C0A-1E07-4DB1-B89A-52411EFF11B6}.Debug|x64.Build.0 = Debug|x64
		{A8C44C0A-1E07-4DB1-B89A-52411EFF11B6}.Debug|x86.ActiveCfg = Debug|Win32
		{A8C44C0A-1E07-4DB1-B89A-52411EFF11B6}.Debug|x86.Build.0 = Debug|Win32
		{A8C44C0A-1E07-4DB1-B89A-52411EFF11B6}.Release|x64.ActiveCfg = Release|x64
		{A8C44C0A-1E07-4DB1-B89A-52411EFF11B6}.Release|x64.Build.0 = Release|x64
		{A8C44C0A-1E07-4DB1-B89A-52411EFF11B6}.Release|x86.ActiveCfg = Release|Win32
		{A8C44C0A-1E07-4DB1-B89A-52411EFF11B6}.Release|x86.Build.0 = Release|Win32
		{5B325313-4B06-42B7-81F4-1339D818333E}.Debug|x64.ActiveCfg = Debug|x64
		{5B325313-4B06-42B7-81F4-1339D818333E}.Debug|x64.Build.0 = Debug|x64
		{5B325313-4B06-42B7-81F4-1339D818333E}.Debug|x86.ActiveCfg = Debug|Win32
		{5B325313-4B06-42B7-81F4-1339D818333E}.Debug|x86.Build.0 = Debug|Win32
		{5B325313-4B06-42B7-81F4-1339D818333E}.Release|x64.ActiveCfg = Release|x64
		{5B325313-4B06-42B7-81F4-1339D818333E}.Release|x64.Build.0 = Release|x64
		{5B325313-4B06-42B7-81F4-1339D818333E}.Release|x86.ActiveCfg = Release|Win32
		{5B325313-4B06-42B7-81F4-1339D818333E}.Release|x86.Build.0 = Release|Win32
	EndGlobalSection
	GlobalSection(SolutionProperties) = preSolution
		HideSolutionNode = FALSE
	EndGlobalSection
	GlobalSection(ExtensibilityGlobals) = postSolution
		SolutionGuid = {7DBD6936-437A-444D-AFB9-EE03BD0AC595}
	EndGlobalSection
EndGlobal
